
Microsoft Visual Studio Solution File, Format Version 12.00
# Visual Studio Version 17
VisualStudioVersion = 17.0.31903.59
MinimumVisualStudioVersion = 10.0.40219.1
Project("{9A19103F-16F7-4668-BE54-9A1E7A4F7556}") = "FinanceTracking.API", "FinanceTracking.API\FinanceTracking.API.csproj", "{A71D3AC4-78AF-4978-872C-1E72603AD5BD}"
EndProject
Project("{FAE04EC0-301F-11D3-BF4B-00C04F79EFBC}") = "OidcServer", "OidcServer\OidcServer.csproj", "{73610F3D-6C12-45A7-B766-4E45B0E8AD29}"
EndProject
Project("{FAE04EC0-301F-11D3-BF4B-00C04F79EFBC}") = "FinanceTracking.Contracts", "FinanceTracking.Contracts\FinanceTracking.Contracts.csproj", "{D0AAF7E6-C1FA-448B-B55A-4B5F1EBA71F5}"
EndProject
Global
	GlobalSection(SolutionConfigurationPlatforms) = preSolution
		Debug|Any CPU = Debug|Any CPU
		Debug|x64 = Debug|x64
		Debug|x86 = Debug|x86
		Release|Any CPU = Release|Any CPU
		Release|x64 = Release|x64
		Release|x86 = Release|x86
	EndGlobalSection
	GlobalSection(ProjectConfigurationPlatforms) = postSolution
		{A71D3AC4-78AF-4978-872C-1E72603AD5BD}.Debug|Any CPU.ActiveCfg = Debug|Any CPU
		{A71D3AC4-78AF-4978-872C-1E72603AD5BD}.Debug|Any CPU.Build.0 = Debug|Any CPU
		{A71D3AC4-78AF-4978-872C-1E72603AD5BD}.Debug|x64.ActiveCfg = Debug|Any CPU
		{A71D3AC4-78AF-4978-872C-1E72603AD5BD}.Debug|x64.Build.0 = Debug|Any CPU
		{A71D3AC4-78AF-4978-872C-1E72603AD5BD}.Debug|x86.ActiveCfg = Debug|Any CPU
		{A71D3AC4-78AF-4978-872C-1E72603AD5BD}.Debug|x86.Build.0 = Debug|Any CPU
		{A71D3AC4-78AF-4978-872C-1E72603AD5BD}.Release|Any CPU.ActiveCfg = Release|Any CPU
		{A71D3AC4-78AF-4978-872C-1E72603AD5BD}.Release|Any CPU.Build.0 = Release|Any CPU
		{A71D3AC4-78AF-4978-872C-1E72603AD5BD}.Release|x64.ActiveCfg = Release|Any CPU
		{A71D3AC4-78AF-4978-872C-1E72603AD5BD}.Release|x64.Build.0 = Release|Any CPU
		{A71D3AC4-78AF-4978-872C-1E72603AD5BD}.Release|x86.ActiveCfg = Release|Any CPU
		{A71D3AC4-78AF-4978-872C-1E72603AD5BD}.Release|x86.Build.0 = Release|Any CPU
		{73610F3D-6C12-45A7-B766-4E45B0E8AD29}.Debug|Any CPU.ActiveCfg = Debug|Any CPU
		{73610F3D-6C12-45A7-B766-4E45B0E8AD29}.Debug|Any CPU.Build.0 = Debug|Any CPU
		{73610F3D-6C12-45A7-B766-4E45B0E8AD29}.Debug|x64.ActiveCfg = Debug|Any CPU
		{73610F3D-6C12-45A7-B766-4E45B0E8AD29}.Debug|x64.Build.0 = Debug|Any CPU
		{73610F3D-6C12-45A7-B766-4E45B0E8AD29}.Debug|x86.ActiveCfg = Debug|Any CPU
		{73610F3D-6C12-45A7-B766-4E45B0E8AD29}.Debug|x86.Build.0 = Debug|Any CPU
		{73610F3D-6C12-45A7-B766-4E45B0E8AD29}.Release|Any CPU.ActiveCfg = Release|Any CPU
		{73610F3D-6C12-45A7-B766-4E45B0E8AD29}.Release|Any CPU.Build.0 = Release|Any CPU
		{73610F3D-6C12-45A7-B766-4E45B0E8AD29}.Release|x64.ActiveCfg = Release|Any CPU
		{73610F3D-6C12-45A7-B766-4E45B0E8AD29}.Release|x64.Build.0 = Release|Any CPU
		{73610F3D-6C12-45A7-B766-4E45B0E8AD29}.Release|x86.ActiveCfg = Release|Any CPU
		{73610F3D-6C12-45A7-B766-4E45B0E8AD29}.Release|x86.Build.0 = Release|Any CPU
		{D0AAF7E6-C1FA-448B-B55A-4B5F1EBA71F5}.Debug|Any CPU.ActiveCfg = Debug|Any CPU
		{D0AAF7E6-C1FA-448B-B55A-4B5F1EBA71F5}.Debug|Any CPU.Build.0 = Debug|Any CPU
		{D0AAF7E6-C1FA-448B-B55A-4B5F1EBA71F5}.Debug|x64.ActiveCfg = Debug|Any CPU
		{D0AAF7E6-C1FA-448B-B55A-4B5F1EBA71F5}.Debug|x64.Build.0 = Debug|Any CPU
		{D0AAF7E6-C1FA-448B-B55A-4B5F1EBA71F5}.Debug|x86.ActiveCfg = Debug|Any CPU
		{D0AAF7E6-C1FA-448B-B55A-4B5F1EBA71F5}.Debug|x86.Build.0 = Debug|Any CPU
		{D0AAF7E6-C1FA-448B-B55A-4B5F1EBA71F5}.Release|Any CPU.ActiveCfg = Release|Any CPU
		{D0AAF7E6-C1FA-448B-B55A-4B5F1EBA71F5}.Release|Any CPU.Build.0 = Release|Any CPU
		{D0AAF7E6-C1FA-448B-B55A-4B5F1EBA71F5}.Release|x64.ActiveCfg = Release|Any CPU
		{D0AAF7E6-C1FA-448B-B55A-4B5F1EBA71F5}.Release|x64.Build.0 = Release|Any CPU
		{D0AAF7E6-C1FA-448B-B55A-4B5F1EBA71F5}.Release|x86.ActiveCfg = Release|Any CPU
		{D0AAF7E6-C1FA-448B-B55A-4B5F1EBA71F5}.Release|x86.Build.0 = Release|Any CPU
	EndGlobalSection
	GlobalSection(SolutionProperties) = preSolution
		HideSolutionNode = FALSE
	EndGlobalSection
EndGlobal
